
Microsoft Visual Studio Solution File, Format Version 12.00
# Visual Studio Version 17
VisualStudioVersion = 17.9.34622.214
MinimumVisualStudioVersion = 10.0.40219.1
Project("{FAE04EC0-301F-11D3-BF4B-00C04F79EFBC}") = "Laboratorium0", "Laboratorium0.csproj", "{645D7283-FA89-4315-BD5E-CC3BD74228F0}"
EndProject
Global
	GlobalSection(SolutionConfigurationPlatforms) = preSolution
		Debug|Any CPU = Debug|Any CPU
		Release|Any CPU = Release|Any CPU
	EndGlobalSection
	GlobalSection(ProjectConfigurationPlatforms) = postSolution
		{645D7283-FA89-4315-BD5E-CC3BD74228F0}.Debug|Any CPU.ActiveCfg = Debug|Any CPU
		{645D7283-FA89-4315-BD5E-CC3BD74228F0}.Debug|Any CPU.Build.0 = Debug|Any CPU
		{645D7283-FA89-4315-BD5E-CC3BD74228F0}.Release|Any CPU.ActiveCfg = Release|Any CPU
		{645D7283-FA89-4315-BD5E-CC3BD74228F0}.Release|Any CPU.Build.0 = Release|Any CPU
	EndGlobalSection
	GlobalSection(SolutionProperties) = preSolution
		HideSolutionNode = FALSE
	EndGlobalSection
	GlobalSection(ExtensibilityGlobals) = postSolution
		SolutionGuid = {3EC97649-F05B-4B58-B447-4A1EEEFA87B6}
	EndGlobalSection
EndGlobal
